{
  "name": "vue-vet-pkg-pr-new",
  "lockfileVersion": 3,
  "requires": true,
  "packages": {
    "": {
      "name": "vue-vet-pkg-pr-new",
      "license": "MIT",
      "dependencies": {
        "pkg-pr-new": "0.0.82"
      }
    },
    "node_modules/pkg-pr-new": {
      "version": "0.0.82",
      "resolved": "https://registry.npmjs.org/pkg-pr-new/-/pkg-pr-new-0.0.82.tgz",
      "integrity": "sha512-IkmRFE+Xk2xsT2Jikwd40eY2E9yRplA+0OHqeRBZql2Y1b/SY9XUK9wtEMrL9ZzdlYLKma5vNJPkCNx91ov+zg==",
      "license": "MIT",
      "bin": {
        "pkg-pr-new": "bin/cli.js"
      }
    }
  }
}
