{
  "name": "vue-vet-pkg-pr-new",
  "lockfileVersion": 3,
  "requires": true,
  "packages": {
    "": {
      "name": "vue-vet-pkg-pr-new",
      "license": "MIT",
      "dependencies": {
        "pkg-pr-new": "0.0.88"
      }
    },
    "node_modules/pkg-pr-new": {
      "version": "0.0.88",
      "resolved": "https://registry.npmjs.org/pkg-pr-new/-/pkg-pr-new-0.0.88.tgz",
      "integrity": "sha512-Xc6PMJ2gher0WZP+rtjefFk26hIb7V1PTLL30bmy1Z2vsRmSvqiss7Ag1XUdyplTGYzIlFNJp4L3vMNmK44N6g==",
      "license": "MIT",
      "bin": {
        "pkg-pr-new": "bin/cli.js"
      }
    }
  }
}
